// !$*UTF8*$!
{
	archiveVersion = 1;
	classes = {
	};
	objectVersion = 55;
	objects = {

/* Begin PBXBuildFile section */
		423F8522276D091E00344CB3 /* _dAnimationApp.swift in Sources */ = {isa = PBXBuildFile; fileRef = 423F8521276D091E00344CB3 /* _dAnimationApp.swift */; };
		423F8524276D091E00344CB3 /* ContentView.swift in Sources */ = {isa = PBXBuildFile; fileRef = 423F8523276D091E00344CB3 /* ContentView.swift */; };
		423F8526276D092100344CB3 /* Assets.xcassets in Resources */ = {isa = PBXBuildFile; fileRef = 423F8525276D092100344CB3 /* Assets.xcassets */; };
		423F8529276D092100344CB3 /* Preview Assets.xcassets in Resources */ = {isa = PBXBuildFile; fileRef = 423F8528276D092100344CB3 /* Preview Assets.xcassets */; };
		423F8533276D092100344CB3 /* _dAnimationTests.swift in Sources */ = {isa = PBXBuildFile; fileRef = 423F8532276D092100344CB3 /* _dAnimationTests.swift */; };
		423F853D276D092100344CB3 /* _dAnimationUITests.swift in Sources */ = {isa = PBXBuildFile; fileRef = 423F853C276D092100344CB3 /* _dAnimationUITests.swift */; };
		423F853F276D092100344CB3 /* _dAnimationUITestsLaunchTests.swift in Sources */ = {isa = PBXBuildFile; fileRef = 423F853E276D092100344CB3 /* _dAnimationUITestsLaunchTests.swift */; };
		423F8552276D09BD00344CB3 /* Home.swift in Sources */ = {isa = PBXBuildFile; fileRef = 423F8551276D09BD00344CB3 /* Home.swift */; };
		423F8555276D1E7700344CB3 /* MotionObserver.swift in Sources */ = {isa = PBXBuildFile; fileRef = 423F8554276D1E7700344CB3 /* MotionObserver.swift */; };
/* End PBXBuildFile section */

/* Begin PBXContainerItemProxy section */
		423F852F276D092100344CB3 /* PBXContainerItemProxy */ = {
			isa = PBXContainerItemProxy;
			containerPortal = 423F8516276D091E00344CB3 /* Project object */;
			proxyType = 1;
			remoteGlobalIDString = 423F851D276D091E00344CB3;
			remoteInfo = 3dAnimation;
		};
		423F8539276D092100344CB3 /* PBXContainerItemProxy */ = {
			isa = PBXContainerItemProxy;
			containerPortal = 423F8516276D091E00344CB3 /* Project object */;
			proxyType = 1;
			remoteGlobalIDString = 423F851D276D091E00344CB3;
			remoteInfo = 3dAnimation;
		};
/* End PBXContainerItemProxy section */

/* Begin PBXFileReference section */
		423F851E276D091E00344CB3 /* 3dAnimation.app */ = {isa = PBXFileReference; explicitFileType = wrapper.application; includeInIndex = 0; path = 3dAnimation.app; sourceTree = BUILT_PRODUCTS_DIR; };
		423F8521276D091E00344CB3 /* _dAnimationApp.swift */ = {isa = PBXFileReference; lastKnownFileType = sourcecode.swift; path = _dAnimationApp.swift; sourceTree = "<group>"; };
		423F8523276D091E00344CB3 /* ContentView.swift */ = {isa = PBXFileReference; lastKnownFileType = sourcecode.swift; path = ContentView.swift; sourceTree = "<group>"; };
		423F8525276D092100344CB3 /* Assets.xcassets */ = {isa = PBXFileReference; lastKnownFileType = folder.assetcatalog; path = Assets.xcassets; sourceTree = "<group>"; };
		423F8528276D092100344CB3 /* Preview Assets.xcassets */ = {isa = PBXFileReference; lastKnownFileType = folder.assetcatalog; path = "Preview Assets.xcassets"; sourceTree = "<group>"; };
		423F852E276D092100344CB3 /* 3dAnimationTests.xctest */ = {isa = PBXFileReference; explicitFileType = wrapper.cfbundle; includeInIndex = 0; path = 3dAnimationTests.xctest; sourceTree = BUILT_PRODUCTS_DIR; };
		423F8532276D092100344CB3 /* _dAnimationTests.swift */ = {isa = PBXFileReference; lastKnownFileType = sourcecode.swift; path = _dAnimationTests.swift; sourceTree = "<group>"; };
		423F8538276D092100344CB3 /* 3dAnimationUITests.xctest */ = {isa = PBXFileReference; explicitFileType = wrapper.cfbundle; includeInIndex = 0; path = 3dAnimationUITests.xctest; sourceTree = BUILT_PRODUCTS_DIR; };
		423F853C276D092100344CB3 /* _dAnimationUITests.swift */ = {isa = PBXFileReference; lastKnownFileType = sourcecode.swift; path = _dAnimationUITests.swift; sourceTree = "<group>"; };
		423F853E276D092100344CB3 /* _dAnimationUITestsLaunchTests.swift */ = {isa = PBXFileReference; lastKnownFileType = sourcecode.swift; path = _dAnimationUITestsLaunchTests.swift; sourceTree = "<group>"; };
		423F8551276D09BD00344CB3 /* Home.swift */ = {isa = PBXFileReference; lastKnownFileType = sourcecode.swift; path = Home.swift; sourceTree = "<group>"; };
		423F8554276D1E7700344CB3 /* MotionObserver.swift */ = {isa = PBXFileReference; lastKnownFileType = sourcecode.swift; path = MotionObserver.swift; sourceTree = "<group>"; };
/* End PBXFileReference section */

/* Begin PBXFrameworksBuildPhase section */
		423F851B276D091E00344CB3 /* Frameworks */ = {
			isa = PBXFrameworksBuildPhase;
			buildActionMask = 2147483647;
			files = (
			);
			runOnlyForDeploymentPostprocessing = 0;
		};
		423F852B276D092100344CB3 /* Frameworks */ = {
			isa = PBXFrameworksBuildPhase;
			buildActionMask = 2147483647;
			files = (
			);
			runOnlyForDeploymentPostprocessing = 0;
		};
		423F8535276D092100344CB3 /* Frameworks */ = {
			isa = PBXFrameworksBuildPhase;
			buildActionMask = 2147483647;
			files = (
			);
			runOnlyForDeploymentPostprocessing = 0;
		};
/* End PBXFrameworksBuildPhase section */

/* Begin PBXGroup section */
		423F8515276D091E00344CB3 = {
			isa = PBXGroup;
			children = (
				423F8520276D091E00344CB3 /* 3dAnimation */,
				423F8531276D092100344CB3 /* 3dAnimationTests */,
				423F853B276D092100344CB3 /* 3dAnimationUITests */,
				423F851F276D091E00344CB3 /* Products */,
			);
			sourceTree = "<group>";
		};
		423F851F276D091E00344CB3 /* Products */ = {
			isa = PBXGroup;
			children = (
				423F851E276D091E00344CB3 /* 3dAnimation.app */,
				423F852E276D092100344CB3 /* 3dAnimationTests.xctest */,
				423F8538276D092100344CB3 /* 3dAnimationUITests.xctest */,
			);
			name = Products;
			sourceTree = "<group>";
		};
		423F8520276D091E00344CB3 /* 3dAnimation */ = {
			isa = PBXGroup;
			children = (
				423F854E276D097700344CB3 /* ViewModel */,
				423F854D276D097100344CB3 /* View */,
				423F8521276D091E00344CB3 /* _dAnimationApp.swift */,
				423F8523276D091E00344CB3 /* ContentView.swift */,
				423F8525276D092100344CB3 /* Assets.xcassets */,
				423F8527276D092100344CB3 /* Preview Content */,
			);
			path = 3dAnimation;
			sourceTree = "<group>";
		};
		423F8527276D092100344CB3 /* Preview Content */ = {
			isa = PBXGroup;
			children = (
				423F8528276D092100344CB3 /* Preview Assets.xcassets */,
			);
			path = "Preview Content";
			sourceTree = "<group>";
		};
		423F8531276D092100344CB3 /* 3dAnimationTests */ = {
			isa = PBXGroup;
			children = (
				423F8532276D092100344CB3 /* _dAnimationTests.swift */,
			);
			path = 3dAnimationTests;
			sourceTree = "<group>";
		};
		423F853B276D092100344CB3 /* 3dAnimationUITests */ = {
			isa = PBXGroup;
			children = (
				423F853C276D092100344CB3 /* _dAnimationUITests.swift */,
				423F853E276D092100344CB3 /* _dAnimationUITestsLaunchTests.swift */,
			);
			path = 3dAnimationUITests;
			sourceTree = "<group>";
		};
		423F854D276D097100344CB3 /* View */ = {
			isa = PBXGroup;
			children = (
				423F8551276D09BD00344CB3 /* Home.swift */,
			);
			path = View;
			sourceTree = "<group>";
		};
		423F854E276D097700344CB3 /* ViewModel */ = {
			isa = PBXGroup;
			children = (
				423F8554276D1E7700344CB3 /* MotionObserver.swift */,
			);
			path = ViewModel;
			sourceTree = "<group>";
		};
/* End PBXGroup section */

/* Begin PBXNativeTarget section */
		423F851D276D091E00344CB3 /* 3dAnimation */ = {
			isa = PBXNativeTarget;
			buildConfigurationList = 423F8542276D092100344CB3 /* Build configuration list for PBXNativeTarget "3dAnimation" */;
			buildPhases = (
				423F851A276D091E00344CB3 /* Sources */,
				423F851B276D091E00344CB3 /* Frameworks */,
				423F851C276D091E00344CB3 /* Resources */,
			);
			buildRules = (
			);
			dependencies = (
			);
			name = 3dAnimation;
			productName = 3dAnimation;
			productReference = 423F851E276D091E00344CB3 /* 3dAnimation.app */;
			productType = "com.apple.product-type.application";
		};
		423F852D276D092100344CB3 /* 3dAnimationTests */ = {
			isa = PBXNativeTarget;
			buildConfigurationList = 423F8545276D092100344CB3 /* Build configuration list for PBXNativeTarget "3dAnimationTests" */;
			buildPhases = (
				423F852A276D092100344CB3 /* Sources */,
				423F852B276D092100344CB3 /* Frameworks */,
				423F852C276D092100344CB3 /* Resources */,
			);
			buildRules = (
			);
			dependencies = (
				423F8530276D092100344CB3 /* PBXTargetDependency */,
			);
			name = 3dAnimationTests;
			productName = 3dAnimationTests;
			productReference = 423F852E276D092100344CB3 /* 3dAnimationTests.xctest */;
			productType = "com.apple.product-type.bundle.unit-test";
		};
		423F8537276D092100344CB3 /* 3dAnimationUITests */ = {
			isa = PBXNativeTarget;
			buildConfigurationList = 423F8548276D092100344CB3 /* Build configuration list for PBXNativeTarget "3dAnimationUITests" */;
			buildPhases = (
				423F8534276D092100344CB3 /* Sources */,
				423F8535276D092100344CB3 /* Frameworks */,
				423F8536276D092100344CB3 /* Resources */,
			);
			buildRules = (
			);
			dependencies = (
				423F853A276D092100344CB3 /* PBXTargetDependency */,
			);
			name = 3dAnimationUITests;
			productName = 3dAnimationUITests;
			productReference = 423F8538276D092100344CB3 /* 3dAnimationUITests.xctest */;
			productType = "com.apple.product-type.bundle.ui-testing";
		};
/* End PBXNativeTarget section */

/* Begin PBXProject section */
		423F8516276D091E00344CB3 /* Project object */ = {
			isa = PBXProject;
			attributes = {
				BuildIndependentTargetsInParallel = 1;
				LastSwiftUpdateCheck = 1300;
				LastUpgradeCheck = 1300;
				TargetAttributes = {
					423F851D276D091E00344CB3 = {
						CreatedOnToolsVersion = 13.0;
					};
					423F852D276D092100344CB3 = {
						CreatedOnToolsVersion = 13.0;
						TestTargetID = 423F851D276D091E00344CB3;
					};
					423F8537276D092100344CB3 = {
						CreatedOnToolsVersion = 13.0;
						TestTargetID = 423F851D276D091E00344CB3;
					};
				};
			};
			buildConfigurationList = 423F8519276D091E00344CB3 /* Build configuration list for PBXProject "3dAnimation" */;
			compatibilityVersion = "Xcode 13.0";
			developmentRegion = en;
			hasScannedForEncodings = 0;
			knownRegions = (
				en,
				Base,
			);
			mainGroup = 423F8515276D091E00344CB3;
			productRefGroup = 423F851F276D091E00344CB3 /* Products */;
			projectDirPath = "";
			projectRoot = "";
			targets = (
				423F851D276D091E00344CB3 /* 3dAnimation */,
				423F852D276D092100344CB3 /* 3dAnimationTests */,
				423F8537276D092100344CB3 /* 3dAnimationUITests */,
			);
		};
/* End PBXProject section */

/* Begin PBXResourcesBuildPhase section */
		423F851C276D091E00344CB3 /* Resources */ = {
			isa = PBXResourcesBuildPhase;
			buildActionMask = 2147483647;
			files = (
				423F8529276D092100344CB3 /* Preview Assets.xcassets in Resources */,
				423F8526276D092100344CB3 /* Assets.xcassets in Resources */,
			);
			runOnlyForDeploymentPostprocessing = 0;
		};
		423F852C276D092100344CB3 /* Resources */ = {
			isa = PBXResourcesBuildPhase;
			buildActionMask = 2147483647;
			files = (
			);
			runOnlyForDeploymentPostprocessing = 0;
		};
		423F8536276D092100344CB3 /* Resources */ = {
			isa = PBXResourcesBuildPhase;
			buildActionMask = 2147483647;
			files = (
			);
			runOnlyForDeploymentPostprocessing = 0;
		};
/* End PBXResourcesBuildPhase section */

/* Begin PBXSourcesBuildPhase section */
		423F851A276D091E00344CB3 /* Sources */ = {
			isa = PBXSourcesBuildPhase;
			buildActionMask = 2147483647;
			files = (
				423F8524276D091E00344CB3 /* ContentView.swift in Sources */,
				423F8555276D1E7700344CB3 /* MotionObserver.swift in Sources */,
				423F8552276D09BD00344CB3 /* Home.swift in Sources */,
				423F8522276D091E00344CB3 /* _dAnimationApp.swift in Sources */,
			);
			runOnlyForDeploymentPostprocessing = 0;
		};
		423F852A276D092100344CB3 /* Sources */ = {
			isa = PBXSourcesBuildPhase;
			buildActionMask = 2147483647;
			files = (
				423F8533276D092100344CB3 /* _dAnimationTests.swift in Sources */,
			);
			runOnlyForDeploymentPostprocessing = 0;
		};
		423F8534276D092100344CB3 /* Sources */ = {
			isa = PBXSourcesBuildPhase;
			buildActionMask = 2147483647;
			files = (
				423F853F276D092100344CB3 /* _dAnimationUITestsLaunchTests.swift in Sources */,
				423F853D276D092100344CB3 /* _dAnimationUITests.swift in Sources */,
			);
			runOnlyForDeploymentPostprocessing = 0;
		};
/* End PBXSourcesBuildPhase section */

/* Begin PBXTargetDependency section */
		423F8530276D092100344CB3 /* PBXTargetDependency */ = {
			isa = PBXTargetDependency;
			target = 423F851D276D091E00344CB3 /* 3dAnimation */;
			targetProxy = 423F852F276D092100344CB3 /* PBXContainerItemProxy */;
		};
		423F853A276D092100344CB3 /* PBXTargetDependency */ = {
			isa = PBXTargetDependency;
			target = 423F851D276D091E00344CB3 /* 3dAnimation */;
			targetProxy = 423F8539276D092100344CB3 /* PBXContainerItemProxy */;
		};
/* End PBXTargetDependency section */

/* Begin XCBuildConfiguration section */
		423F8540276D092100344CB3 /* Debug */ = {
			isa = XCBuildConfiguration;
			buildSettings = {
				ALWAYS_SEARCH_USER_PATHS = NO;
				CLANG_ANALYZER_NONNULL = YES;
				CLANG_ANALYZER_NUMBER_OBJECT_CONVERSION = YES_AGGRESSIVE;
				CLANG_CXX_LANGUAGE_STANDARD = "gnu++17";
				CLANG_CXX_LIBRARY = "libc++";
				CLANG_ENABLE_MODULES = YES;
				CLANG_ENABLE_OBJC_ARC = YES;
				CLANG_ENABLE_OBJC_WEAK = YES;
				CLANG_WARN_BLOCK_CAPTURE_AUTORELEASING = YES;
				CLANG_WARN_BOOL_CONVERSION = YES;
				CLANG_WARN_COMMA = YES;
				CLANG_WARN_CONSTANT_CONVERSION = YES;
				CLANG_WARN_DEPRECATED_OBJC_IMPLEMENTATIONS = YES;
				CLANG_WARN_DIRECT_OBJC_ISA_USAGE = YES_ERROR;
				CLANG_WARN_DOCUMENTATION_COMMENTS = YES;
				CLANG_WARN_EMPTY_BODY = YES;
				CLANG_WARN_ENUM_CONVERSION = YES;
				CLANG_WARN_INFINITE_RECURSION = YES;
				CLANG_WARN_INT_CONVERSION = YES;
				CLANG_WARN_NON_LITERAL_NULL_CONVERSION = YES;
				CLANG_WARN_OBJC_IMPLICIT_RETAIN_SELF = YES;
				CLANG_WARN_OBJC_LITERAL_CONVERSION = YES;
				CLANG_WARN_OBJC_ROOT_CLASS = YES_ERROR;
				CLANG_WARN_QUOTED_INCLUDE_IN_FRAMEWORK_HEADER = YES;
				CLANG_WARN_RANGE_LOOP_ANALYSIS = YES;
				CLANG_WARN_STRICT_PROTOTYPES = YES;
				CLANG_WARN_SUSPICIOUS_MOVE = YES;
				CLANG_WARN_UNGUARDED_AVAILABILITY = YES_AGGRESSIVE;
				CLANG_WARN_UNREACHABLE_CODE = YES;
				CLANG_WARN__DUPLICATE_METHOD_MATCH = YES;
				COPY_PHASE_STRIP = NO;
				DEBUG_INFORMATION_FORMAT = dwarf;
				ENABLE_STRICT_OBJC_MSGSEND = YES;
				ENABLE_TESTABILITY = YES;
				GCC_C_LANGUAGE_STANDARD = gnu11;
				GCC_DYNAMIC_NO_PIC = NO;
				GCC_NO_COMMON_BLOCKS = YES;
				GCC_OPTIMIZATION_LEVEL = 0;
				GCC_PREPROCESSOR_DEFINITIONS = (
					"DEBUG=1",
					"$(inherited)",
				);
				GCC_WARN_64_TO_32_BIT_CONVERSION = YES;
				GCC_WARN_ABOUT_RETURN_TYPE = YES_ERROR;
				GCC_WARN_UNDECLARED_SELECTOR = YES;
				GCC_WARN_UNINITIALIZED_AUTOS = YES_AGGRESSIVE;
				GCC_WARN_UNUSED_FUNCTION = YES;
				GCC_WARN_UNUSED_VARIABLE = YES;
				IPHONEOS_DEPLOYMENT_TARGET = 15.0;
				MTL_ENABLE_DEBUG_INFO = INCLUDE_SOURCE;
				MTL_FAST_MATH = YES;
				ONLY_ACTIVE_ARCH = YES;
				SDKROOT = iphoneos;
				SWIFT_ACTIVE_COMPILATION_CONDITIONS = DEBUG;
				SWIFT_OPTIMIZATION_LEVEL = "-Onone";
			};
			name = Debug;
		};
		423F8541276D092100344CB3 /* Release */ = {
			isa = XCBuildConfiguration;
			buildSettings = {
				ALWAYS_SEARCH_USER_PATHS = NO;
				CLANG_ANALYZER_NONNULL = YES;
				CLANG_ANALYZER_NUMBER_OBJECT_CONVERSION = YES_AGGRESSIVE;
				CLANG_CXX_LANGUAGE_STANDARD = "gnu++17";
				CLANG_CXX_LIBRARY = "libc++";
				CLANG_ENABLE_MODULES = YES;
				CLANG_ENABLE_OBJC_ARC = YES;
				CLANG_ENABLE_OBJC_WEAK = YES;
				CLANG_WARN_BLOCK_CAPTURE_AUTORELEASING = YES;
				CLANG_WARN_BOOL_CONVERSION = YES;
				CLANG_WARN_COMMA = YES;
				CLANG_WARN_CONSTANT_CONVERSION = YES;
				CLANG_WARN_DEPRECATED_OBJC_IMPLEMENTATIONS = YES;
				CLANG_WARN_DIRECT_OBJC_ISA_USAGE = YES_ERROR;
				CLANG_WARN_DOCUMENTATION_COMMENTS = YES;
				CLANG_WARN_EMPTY_BODY = YES;
				CLANG_WARN_ENUM_CONVERSION = YES;
				CLANG_WARN_INFINITE_RECURSION = YES;
				CLANG_WARN_INT_CONVERSION = YES;
				CLANG_WARN_NON_LITERAL_NULL_CONVERSION = YES;
				CLANG_WARN_OBJC_IMPLICIT_RETAIN_SELF = YES;
				CLANG_WARN_OBJC_LITERAL_CONVERSION = YES;
				CLANG_WARN_OBJC_ROOT_CLASS = YES_ERROR;
				CLANG_WARN_QUOTED_INCLUDE_IN_FRAMEWORK_HEADER = YES;
				CLANG_WARN_RANGE_LOOP_ANALYSIS = YES;
				CLANG_WARN_STRICT_PROTOTYPES = YES;
				CLANG_WARN_SUSPICIOUS_MOVE = YES;
				CLANG_WARN_UNGUARDED_AVAILABILITY = YES_AGGRESSIVE;
				CLANG_WARN_UNREACHABLE_CODE = YES;
				CLANG_WARN__DUPLICATE_METHOD_MATCH = YES;
				COPY_PHASE_STRIP = NO;
				DEBUG_INFORMATION_FORMAT = "dwarf-with-dsym";
				ENABLE_NS_ASSERTIONS = NO;
				ENABLE_STRICT_OBJC_MSGSEND = YES;
				GCC_C_LANGUAGE_STANDARD = gnu11;
				GCC_NO_COMMON_BLOCKS = YES;
				GCC_WARN_64_TO_32_BIT_CONVERSION = YES;
				GCC_WARN_ABOUT_RETURN_TYPE = YES_ERROR;
				GCC_WARN_UNDECLARED_SELECTOR = YES;
				GCC_WARN_UNINITIALIZED_AUTOS = YES_AGGRESSIVE;
				GCC_WARN_UNUSED_FUNCTION = YES;
				GCC_WARN_UNUSED_VARIABLE = YES;
				IPHONEOS_DEPLOYMENT_TARGET = 15.0;
				MTL_ENABLE_DEBUG_INFO = NO;
				MTL_FAST_MATH = YES;
				SDKROOT = iphoneos;
				SWIFT_COMPILATION_MODE = wholemodule;
				SWIFT_OPTIMIZATION_LEVEL = "-O";
				VALIDATE_PRODUCT = YES;
			};
			name = Release;
		};
		423F8543276D092100344CB3 /* Debug */ = {
			isa = XCBuildConfiguration;
			buildSettings = {
				ASSETCATALOG_COMPILER_APPICON_NAME = AppIcon;
				ASSETCATALOG_COMPILER_GLOBAL_ACCENT_COLOR_NAME = AccentColor;
				CODE_SIGN_STYLE = Automatic;
				CURRENT_PROJECT_VERSION = 1;
				DEVELOPMENT_ASSET_PATHS = "\"3dAnimation/Preview Content\"";
				DEVELOPMENT_TEAM = T7G2QUBVY7;
				ENABLE_PREVIEWS = YES;
				GENERATE_INFOPLIST_FILE = YES;
				INFOPLIST_KEY_UIApplicationSceneManifest_Generation = YES;
				INFOPLIST_KEY_UIApplicationSupportsIndirectInputEvents = YES;
				INFOPLIST_KEY_UILaunchScreen_Generation = YES;
				INFOPLIST_KEY_UISupportedInterfaceOrientations_iPad = "UIInterfaceOrientationPortrait UIInterfaceOrientationPortraitUpsideDown UIInterfaceOrientationLandscapeLeft UIInterfaceOrientationLandscapeRight";
				INFOPLIST_KEY_UISupportedInterfaceOrientations_iPhone = "UIInterfaceOrientationPortrait UIInterfaceOrientationLandscapeLeft UIInterfaceOrientationLandscapeRight";
				IPHONEOS_DEPLOYMENT_TARGET = 14.0;
				LD_RUNPATH_SEARCH_PATHS = (
					"$(inherited)",
					"@executable_path/Frameworks",
				);
				MARKETING_VERSION = 1.0;
				PRODUCT_BUNDLE_IDENTIFIER = "NazarCompany.-dAnimation";
				PRODUCT_NAME = "$(TARGET_NAME)";
				SWIFT_EMIT_LOC_STRINGS = YES;
				SWIFT_VERSION = 5.0;
				TARGETED_DEVICE_FAMILY = "1,2";
			};
			name = Debug;
		};
		423F8544276D092100344CB3 /* Release */ = {
			isa = XCBuildConfiguration;
			buildSettings = {
				ASSETCATALOG_COMPILER_APPICON_NAME = AppIcon;
				ASSETCATALOG_COMPILER_GLOBAL_ACCENT_COLOR_NAME = AccentColor;
				CODE_SIGN_STYLE = Automatic;
				CURRENT_PROJECT_VERSION = 1;
				DEVELOPMENT_ASSET_PATHS = "\"3dAnimation/Preview Content\"";
				DEVELOPMENT_TEAM = T7G2QUBVY7;
				ENABLE_PREVIEWS = YES;
				GENERATE_INFOPLIST_FILE = YES;
				INFOPLIST_KEY_UIApplicationSceneManifest_Generation = YES;
				INFOPLIST_KEY_UIApplicationSupportsIndirectInputEvents = YES;
				INFOPLIST_KEY_UILaunchScreen_Generation = YES;
				INFOPLIST_KEY_UISupportedInterfaceOrientations_iPad = "UIInterfaceOrientationPortrait UIInterfaceOrientationPortraitUpsideDown UIInterfaceOrientationLandscapeLeft UIInterfaceOrientationLandscapeRight";
				INFOPLIST_KEY_UISupportedInterfaceOrientations_iPhone = "UIInterfaceOrientationPortrait UIInterfaceOrientationLandscapeLeft UIInterfaceOrientationLandscapeRight";
				IPHONEOS_DEPLOYMENT_TARGET = 14.0;
				LD_RUNPATH_SEARCH_PATHS = (
					"$(inherited)",
					"@executable_path/Frameworks",
				);
				MARKETING_VERSION = 1.0;
				PRODUCT_BUNDLE_IDENTIFIER = "NazarCompany.-dAnimation";
				PRODUCT_NAME = "$(TARGET_NAME)";
				SWIFT_EMIT_LOC_STRINGS = YES;
				SWIFT_VERSION = 5.0;
				TARGETED_DEVICE_FAMILY = "1,2";
			};
			name = Release;
		};
		423F8546276D092100344CB3 /* Debug */ = {
			isa = XCBuildConfiguration;
			buildSettings = {
				ALWAYS_EMBED_SWIFT_STANDARD_LIBRARIES = YES;
				BUNDLE_LOADER = "$(TEST_HOST)";
				CODE_SIGN_STYLE = Automatic;
				CURRENT_PROJECT_VERSION = 1;
				DEVELOPMENT_TEAM = T7G2QUBVY7;
				GENERATE_INFOPLIST_FILE = YES;
				IPHONEOS_DEPLOYMENT_TARGET = 14.0;
				LD_RUNPATH_SEARCH_PATHS = (
					"$(inherited)",
					"@executable_path/Frameworks",
					"@loader_path/Frameworks",
				);
				MARKETING_VERSION = 1.0;
				PRODUCT_BUNDLE_IDENTIFIER = "NazarCompany.-dAnimationTests";
				PRODUCT_NAME = "$(TARGET_NAME)";
				SWIFT_EMIT_LOC_STRINGS = NO;
				SWIFT_VERSION = 5.0;
				TARGETED_DEVICE_FAMILY = "1,2";
				TEST_HOST = "$(BUILT_PRODUCTS_DIR)/3dAnimation.app/3dAnimation";
			};
			name = Debug;
		};
		423F8547276D092100344CB3 /* Release */ = {
			isa = XCBuildConfiguration;
			buildSettings = {
				ALWAYS_EMBED_SWIFT_STANDARD_LIBRARIES = YES;
				BUNDLE_LOADER = "$(TEST_HOST)";
				CODE_SIGN_STYLE = Automatic;
				CURRENT_PROJECT_VERSION = 1;
				DEVELOPMENT_TEAM = T7G2QUBVY7;
				GENERATE_INFOPLIST_FILE = YES;
				IPHONEOS_DEPLOYMENT_TARGET = 14.0;
				LD_RUNPATH_SEARCH_PATHS = (
					"$(inherited)",
					"@executable_path/Frameworks",
					"@loader_path/Frameworks",
				);
				MARKETING_VERSION = 1.0;
				PRODUCT_BUNDLE_IDENTIFIER = "NazarCompany.-dAnimationTests";
				PRODUCT_NAME = "$(TARGET_NAME)";
				SWIFT_EMIT_LOC_STRINGS = NO;
				SWIFT_VERSION = 5.0;
				TARGETED_DEVICE_FAMILY = "1,2";
				TEST_HOST = "$(BUILT_PRODUCTS_DIR)/3dAnimation.app/3dAnimation";
			};
			name = Release;
		};
		423F8549276D092100344CB3 /* Debug */ = {
			isa = XCBuildConfiguration;
			buildSettings = {
				ALWAYS_EMBED_SWIFT_STANDARD_LIBRARIES = YES;
				CODE_SIGN_STYLE = Automatic;
				CURRENT_PROJECT_VERSION = 1;
				DEVELOPMENT_TEAM = T7G2QUBVY7;
				GENERATE_INFOPLIST_FILE = YES;
				LD_RUNPATH_SEARCH_PATHS = (
					"$(inherited)",
					"@executable_path/Frameworks",
					"@loader_path/Frameworks",
				);
				MARKETING_VERSION = 1.0;
				PRODUCT_BUNDLE_IDENTIFIER = "NazarCompany.-dAnimationUITests";
				PRODUCT_NAME = "$(TARGET_NAME)";
				SWIFT_EMIT_LOC_STRINGS = NO;
				SWIFT_VERSION = 5.0;
				TARGETED_DEVICE_FAMILY = "1,2";
				TEST_TARGET_NAME = 3dAnimation;
			};
			name = Debug;
		};
		423F854A276D092100344CB3 /* Release */ = {
			isa = XCBuildConfiguration;
			buildSettings = {
				ALWAYS_EMBED_SWIFT_STANDARD_LIBRARIES = YES;
				CODE_SIGN_STYLE = Automatic;
				CURRENT_PROJECT_VERSION = 1;
				DEVELOPMENT_TEAM = T7G2QUBVY7;
				GENERATE_INFOPLIST_FILE = YES;
				LD_RUNPATH_SEARCH_PATHS = (
					"$(inherited)",
					"@executable_path/Frameworks",
					"@loader_path/Frameworks",
				);
				MARKETING_VERSION = 1.0;
				PRODUCT_BUNDLE_IDENTIFIER = "NazarCompany.-dAnimationUITests";
				PRODUCT_NAME = "$(TARGET_NAME)";
				SWIFT_EMIT_LOC_STRINGS = NO;
				SWIFT_VERSION = 5.0;
				TARGETED_DEVICE_FAMILY = "1,2";
				TEST_TARGET_NAME = 3dAnimation;
			};
			name = Release;
		};
/* End XCBuildConfiguration section */

/* Begin XCConfigurationList section */
		423F8519276D091E00344CB3 /* Build configuration list for PBXProject "3dAnimation" */ = {
			isa = XCConfigurationList;
			buildConfigurations = (
				423F8540276D092100344CB3 /* Debug */,
				423F8541276D092100344CB3 /* Release */,
			);
			defaultConfigurationIsVisible = 0;
			defaultConfigurationName = Release;
		};
		423F8542276D092100344CB3 /* Build configuration list for PBXNativeTarget "3dAnimation" */ = {
			isa = XCConfigurationList;
			buildConfigurations = (
				423F8543276D092100344CB3 /* Debug */,
				423F8544276D092100344CB3 /* Release */,
			);
			defaultConfigurationIsVisible = 0;
			defaultConfigurationName = Release;
		};
		423F8545276D092100344CB3 /* Build configuration list for PBXNativeTarget "3dAnimationTests" */ = {
			isa = XCConfigurationList;
			buildConfigurations = (
				423F8546276D092100344CB3 /* Debug */,
				423F8547276D092100344CB3 /* Release */,
			);
			defaultConfigurationIsVisible = 0;
			defaultConfigurationName = Release;
		};
		423F8548276D092100344CB3 /* Build configuration list for PBXNativeTarget "3dAnimationUITests" */ = {
			isa = XCConfigurationList;
			buildConfigurations = (
				423F8549276D092100344CB3 /* Debug */,
				423F854A276D092100344CB3 /* Release */,
			);
			defaultConfigurationIsVisible = 0;
			defaultConfigurationName = Release;
		};
/* End XCConfigurationList section */
	};
	rootObject = 423F8516276D091E00344CB3 /* Project object */;
}
